{
  "pins" : [
    {
      "identity" : "realmbinary",
      "kind" : "remoteSourceControl",
      "location" : "https://github.com/lake-of-fire/RealmBinary.git",
      "state" : {
        "branch" : "main",
        "revision" : "21ff6af7fc68c033f6b1a8288e6ad43f01466610"
      }
    }
  ],
  "version" : 2
}
