{
  "pins" : [
    {
      "identity" : "realmbinary",
      "kind" : "remoteSourceControl",
      "location" : "https://github.com/lake-of-fire/RealmBinary.git",
      "state" : {
        "branch" : "main",
        "revision" : "0b782d2c860db1dc512867b90b7773423e2fb833"
      }
    }
  ],
  "version" : 2
}
