{
  "pins" : [
    {
      "identity" : "mute",
      "kind" : "remoteSourceControl",
      "location" : "https://github.com/lake-of-fire/Mute.git",
      "state" : {
        "branch" : "master",
        "revision" : "61b7a8bded435a9d8c0f185bcd5693ff2438e98d"
      }
    },
    {
      "identity" : "realm-core",
      "kind" : "remoteSourceControl",
      "location" : "https://github.com/realm/realm-core.git",
      "state" : {
        "revision" : "15493076ad9fef22c16cc64cbfbf9e5b65c385f9",
        "version" : "20.1.0"
      }
    },
    {
      "identity" : "realm-swift",
      "kind" : "remoteSourceControl",
      "location" : "https://github.com/realm/realm-swift.git",
      "state" : {
        "revision" : "6260534683132eb981338c7c39fd5e69205876e6",
        "version" : "20.0.3"
      }
    }
  ],
  "version" : 2
}
